{
  "nodes": {
    "apple-fonts": {
      "inputs": {
        "nixpkgs": [
          "nixpkgs"
        ]
      },
      "locked": {
        "lastModified": 1764341330,
        "narHash": "sha256-cEWXJhborzoWd6OLpTz5tqkIxXl5IZX61zEqfpHnGUg=",
        "owner": "raxxuy",
        "repo": "apple-fonts.nix",
        "rev": "e5096589ff76ff33a1e3f6e16d3039f459470843",
        "type": "github"
      },
      "original": {
        "owner": "raxxuy",
        "repo": "apple-fonts.nix",
        "type": "github"
      }
    },
    "base2tone-nvim": {
      "flake": false,
      "locked": {
        "lastModified": 1670424467,
        "narHash": "sha256-XcPZBL4QeiQVCtIoZF63vHdQjl7aCf408MhiFvlrwvI=",
        "owner": "atelierbram",
        "repo": "Base2Tone-nvim",
        "rev": "c32c1d3dfdc8fb6e91cbf6078c078d6c3eaaa673",
        "type": "github"
      },
      "original": {
        "owner": "atelierbram",
        "repo": "Base2Tone-nvim",
        "type": "github"
      }
    },
    "home-manager": {
      "inputs": {
        "nixpkgs": [
          "zen-browser",
          "nixpkgs"
        ]
      },
      "locked": {
        "lastModified": 1765682243,
        "narHash": "sha256-yeCxFV/905Wr91yKt5zrVvK6O2CVXWRMSrxqlAZnLp0=",
        "owner": "nix-community",
        "repo": "home-manager",
        "rev": "58bf3ecb2d0bba7bdf363fc8a6c4d49b4d509d03",
        "type": "github"
      },
      "original": {
        "owner": "nix-community",
        "repo": "home-manager",
        "type": "github"
      }
    },
    "ignis": {
      "inputs": {
        "ignis-gvc": "ignis-gvc",
        "nixpkgs": [
          "nixpkgs"
        ]
      },
      "locked": {
        "lastModified": 1762970543,
        "narHash": "sha256-7ipFVC9pvI564c22b1dIEzSQ8dZXK3cxh/tF/4tX38c=",
        "owner": "ignis-sh",
        "repo": "ignis",
        "rev": "ba8b0e11c2462afc9fdc30ce6a72b4e94e8ee7c4",
        "type": "github"
      },
      "original": {
        "owner": "ignis-sh",
        "repo": "ignis",
        "type": "github"
      }
    },
    "ignis-gvc": {
      "inputs": {
        "nixpkgs": [
          "ignis",
          "nixpkgs"
        ]
      },
      "locked": {
        "lastModified": 1754064086,
        "narHash": "sha256-ft5KvY2OYrWF+jEsfBL/Zx8Iuo2C10C6COk8wHwZw34=",
        "owner": "ignis-sh",
        "repo": "ignis-gvc",
        "rev": "f2c9f10d8b49cc38106a2f07a51ea959c6aa4e63",
        "type": "github"
      },
      "original": {
        "owner": "ignis-sh",
        "repo": "ignis-gvc",
        "type": "github"
      }
    },
    "impermanence": {
      "locked": {
        "lastModified": 1737831083,
        "narHash": "sha256-LJggUHbpyeDvNagTUrdhe/pRVp4pnS6wVKALS782gRI=",
        "owner": "nix-community",
        "repo": "impermanence",
        "rev": "4b3e914cdf97a5b536a889e939fb2fd2b043a170",
        "type": "github"
      },
      "original": {
        "owner": "nix-community",
        "repo": "impermanence",
        "type": "github"
      }
    },
    "nixpkgs": {
      "locked": {
        "lastModified": 1766070988,
        "narHash": "sha256-G/WVghka6c4bAzMhTwT2vjLccg/awmHkdKSd2JrycLc=",
        "owner": "nixos",
        "repo": "nixpkgs",
        "rev": "c6245e83d836d0433170a16eb185cefe0572f8b8",
        "type": "github"
      },
      "original": {
        "owner": "nixos",
        "ref": "nixos-unstable",
        "repo": "nixpkgs",
        "type": "github"
      }
    },
    "root": {
      "inputs": {
        "apple-fonts": "apple-fonts",
        "base2tone-nvim": "base2tone-nvim",
        "ignis": "ignis",
        "impermanence": "impermanence",
        "nixpkgs": "nixpkgs",
        "sf-mono-liga-src": "sf-mono-liga-src",
        "wrappers": "wrappers",
        "zen-browser": "zen-browser"
      }
    },
    "sf-mono-liga-src": {
      "flake": false,
      "locked": {
        "lastModified": 1688258025,
        "narHash": "sha256-AYjKrVLISsJWXN6Cj74wXmbJtREkFDYOCRw1t2nVH2w=",
        "owner": "shaunsingh",
        "repo": "SFMono-Nerd-Font-Ligaturized",
        "rev": "dc5a3e6fcc2e16ad476b7be3c3c17c2273b260ea",
        "type": "github"
      },
      "original": {
        "owner": "shaunsingh",
        "repo": "SFMono-Nerd-Font-Ligaturized",
        "type": "github"
      }
    },
    "wrappers": {
      "inputs": {
        "nixpkgs": [
          "nixpkgs"
        ]
      },
      "locked": {
        "lastModified": 1764326721,
        "narHash": "sha256-JT6Nz/I4IpJNIbY5Oy+NpHTe4fqEsIuxIpIZAfEZWEc=",
        "owner": "lassulus",
        "repo": "wrappers",
        "rev": "94d1131dd8c8a310f3e23c82ee75919cb401e716",
        "type": "github"
      },
      "original": {
        "owner": "lassulus",
        "repo": "wrappers",
        "type": "github"
      }
    },
    "zen-browser": {
      "inputs": {
        "home-manager": "home-manager",
        "nixpkgs": [
          "nixpkgs"
        ]
      },
      "locked": {
        "lastModified": 1766179188,
        "narHash": "sha256-Y6yhFDjfwk4JOltCx0zjc552gJHn7eJHQEwyj73KXOQ=",
        "owner": "0xc000022070",
        "repo": "zen-browser-flake",
        "rev": "8212a2bbb2586fa79b9807026e15ebb52cf849eb",
        "type": "github"
      },
      "original": {
        "owner": "0xc000022070",
        "repo": "zen-browser-flake",
        "type": "github"
      }
    }
  },
  "root": "root",
  "version": 7
}
